PODS:
  - Alamofire (4.8.2)
  - AnyFormatKit (1.0.0)
  - IQKeyboardManagerSwift (6.4.0)
  - SDWebImage (5.0.6):
    - SDWebImage/Core (= 5.0.6)
  - SDWebImage/Core (5.0.6)
  - Toast-Swift (5.0.0)

DEPENDENCIES:
  - Alamofire (~> 4.0)
  - AnyFormatKit
  - IQKeyboardManagerSwift
  - SDWebImage
  - Toast-Swift

SPEC REPOS:
  https://github.com/cocoapods/specs.git:
    - Alamofire
    - AnyFormatKit
    - IQKeyboardManagerSwift
    - SDWebImage
    - Toast-Swift

SPEC CHECKSUMS:
  Alamofire: ae5c501addb7afdbb13687d7f2f722c78734c2d3
  AnyFormatKit: f66c5065ab115140fda2499ca8940f34f924c9cc
  IQKeyboardManagerSwift: ed9b04ee0e3067ffba543283462d619f944b05e5
  SDWebImage: 920f1a2ff1ca8296ad34f6e0510a1ef1d70ac965
  Toast-Swift: 36f4720243c8582c2be243a60a51e193c761f541

PODFILE CHECKSUM: 664a67f5d12ab9a6aa79ec4e0f90b6a4f8a3a05e

COCOAPODS: 1.5.3
