PODS:
  - Alamofire (4.9.0)
  - AnyFormatKit (2.0.0)
  - IQKeyboardManagerSwift (6.5.1)
  - OneSignal (2.11.2)
  - SDWebImage (5.2.3):
    - SDWebImage/Core (= 5.2.3)
  - SDWebImage/Core (5.2.3)
  - Toast-Swift (5.0.0)

DEPENDENCIES:
  - Alamofire (~> 4.0)
  - AnyFormatKit
  - IQKeyboardManagerSwift
  - OneSignal (< 3.0, >= 2.6.2)
  - SDWebImage
  - Toast-Swift

SPEC REPOS:
  https://github.com/cocoapods/specs.git:
    - Alamofire
    - AnyFormatKit
    - IQKeyboardManagerSwift
    - OneSignal
    - SDWebImage
    - Toast-Swift

SPEC CHECKSUMS:
  Alamofire: afc3e7c6db61476cb45cdd23fed06bad03bbc321
  AnyFormatKit: f42939cb80e91663dea5692cb26b26989d5e3e0a
  IQKeyboardManagerSwift: 9ac7524fad9f9fe9a3b98c927e7772471ca546d2
  OneSignal: 4e3e68bb6c29975286a2fa910cb49132bc6e20bb
  SDWebImage: 46a7f73228f84ce80990c786e4372cf4db5875ce
  Toast-Swift: 36f4720243c8582c2be243a60a51e193c761f541

PODFILE CHECKSUM: 053fb64f4f6e59e879927dc24ea3795e310014e3

COCOAPODS: 1.5.3
